
Microsoft Visual Studio Solution File, Format Version 10.00
# Visual C++ Express 2008
Project("{8BC9CEB8-8B4A-11D0-8D11-00A0C91BC942}") = "Aut2Exe_VC6", "Aut2Exe_VC6.vcproj", "{886DC67F-4B20-4BDE-9A1C-4DBEAB65799F}"
EndProject
Global
	GlobalSection(SolutionConfigurationPlatforms) = preSolution
		Debug|Win32 = Debug|Win32
		Release|Win32 = Release|Win32
	EndGlobalSection
	GlobalSection(ProjectConfigurationPlatforms) = postSolution
		{886DC67F-4B20-4BDE-9A1C-4DBEAB65799F}.Debug|Win32.ActiveCfg = Debug|Win32
		{886DC67F-4B20-4BDE-9A1C-4DBEAB65799F}.Debug|Win32.Build.0 = Debug|Win32
		{886DC67F-4B20-4BDE-9A1C-4DBEAB65799F}.Release|Win32.ActiveCfg = Release|Win32
		{886DC67F-4B20-4BDE-9A1C-4DBEAB65799F}.Release|Win32.Build.0 = Release|Win32
	EndGlobalSection
	GlobalSection(SolutionProperties) = preSolution
		HideSolutionNode = FALSE
	EndGlobalSection
EndGlobal
